{
  "name": "slackreminder",
  "version": "1.0.0",
  "lockfileVersion": 1,
  "requires": true,
  "dependencies": {
    "bluebird": {
      "version": "3.5.0",
      "resolved": "https://registry.npmjs.org/bluebird/-/bluebird-3.5.0.tgz",
      "integrity": "sha1-eRQg1/VR7qKJdFOop3ZT+WYG1nw="
    },
    "github": {
      "version": "11.0.0",
      "resolved": "https://registry.npmjs.org/github/-/github-11.0.0.tgz",
      "integrity": "sha1-7bMt9e+zPK0ATr8L3SpLMLtjqFQ="
    },
    "moment": {
      "version": "2.29.2",
      "resolved": "https://registry.npmjs.org/moment/-/moment-2.29.2.tgz",
      "integrity": "sha512-UgzG4rvxYpN15jgCmVJwac49h9ly9NurikMWGPdVxm8GZD6XjkKPxDTjQQ43gtGgnV3X0cAyWDdP2Wexoquifg=="
    },
    "node-notifier": {
      "version": "5.1.2",
      "resolved": "https://registry.npmjs.org/node-notifier/-/node-notifier-5.1.2.tgz",
      "integrity": "sha1-L6nhJgX6EACdRFSdb82KY93g5P8=",
      "dependencies": {
        "semver": {
          "version": "5.4.1",
          "resolved": "https://registry.npmjs.org/semver/-/semver-5.4.1.tgz",
          "integrity": "sha512-WfG/X9+oATh81XtllIo/I8gOiY9EXRdv1cQdyykeXK17YcUW3EXUAi2To4pcH6nZtJPr7ZOpM5OMyWJZm+8Rsg=="
        }
      }
    },
    "opn": {
      "version": "5.1.0",
      "resolved": "https://registry.npmjs.org/opn/-/opn-5.1.0.tgz",
      "integrity": "sha512-iPNl7SyM8L30Rm1sjGdLLheyHVw5YXVfi3SKWJzBI7efxRwHojfRFjwE/OLM6qp9xJYMgab8WicTU1cPoY+Hpg=="
    },
    "slack-node": {
      "version": "0.1.8",
      "resolved": "https://registry.npmjs.org/slack-node/-/slack-node-0.1.8.tgz",
      "integrity": "sha1-zamN6GgUhbMB3GdC3cOJcRf600k="
    }
  }
}
